
Microsoft Visual Studio Solution File, Format Version 12.00
# Visual Studio 2012
Project("{FAE04EC0-301F-11D3-BF4B-00C04F79EFBC}") = "Fisio", "Fisio\Fisio.csproj", "{020137A6-74F1-4DD0-B5F8-FD8959BC381C}"
EndProject
Global
	GlobalSection(SolutionConfigurationPlatforms) = preSolution
		Debug|Any CPU = Debug|Any CPU
		Release|Any CPU = Release|Any CPU
	EndGlobalSection
	GlobalSection(ProjectConfigurationPlatforms) = postSolution
		{020137A6-74F1-4DD0-B5F8-FD8959BC381C}.Debug|Any CPU.ActiveCfg = Debug|Any CPU
		{020137A6-74F1-4DD0-B5F8-FD8959BC381C}.Debug|Any CPU.Build.0 = Debug|Any CPU
		{020137A6-74F1-4DD0-B5F8-FD8959BC381C}.Release|Any CPU.ActiveCfg = Release|Any CPU
		{020137A6-74F1-4DD0-B5F8-FD8959BC381C}.Release|Any CPU.Build.0 = Release|Any CPU
	EndGlobalSection
	GlobalSection(MonoDevelopProperties) = preSolution
		StartupItem = Fisio\Fisio.csproj
	EndGlobalSection
EndGlobal
